<?xml version="1.0" encoding="utf-8"?>
<Project ToolsVersion="4.0" xmlns="http://schemas.microsoft.com/developer/msbuild/2003">
  <ItemGroup>
    <Filter Include="Source Files">
      <UniqueIdentifier>{4FC737F1-C7A5-4376-A066-2A32D752A2FF}</UniqueIdentifier>
      <Extensions>cpp;c;cc;cxx;def;odl;idl;hpj;bat;asm;asmx</Extensions>
    </Filter>
    <Filter Include="Header Files">
      <UniqueIdentifier>{93995380-89BD-4b04-88EB-625FBE52EBFB}</UniqueIdentifier>
      <Extensions>h;hpp;hxx;hm;inl;inc;xsd</Extensions>
    </Filter>
    <Filter Include="Resource Files">
      <UniqueIdentifier>{67DA6AB6-F800-4c08-8B7A-83BB121AAD01}</UniqueIdentifier>
      <Extensions>rc;ico;cur;bmp;dlg;rc2;rct;bin;rgs;gif;jpg;jpeg;jpe;resx;tiff;tif;png;wav;mfcribbon-ms</Extensions>
    </Filter>
  </ItemGroup>
  <ItemGroup>
    <Text Include="ReadMe.txt" />
  </ItemGroup>
  <ItemGroup>
    <ClInclude Include="stdafx.h">
      <Filter>Header Files</Filter>
    </ClInclude>
    <ClInclude Include="targetver.h">
      <Filter>Header Files</Filter>
    </ClInclude>
    <ClInclude Include="IRun.h">
      <Filter>Header Files</Filter>
    </ClInclude>
    <ClInclude Include="WordLadderII.h">
      <Filter>Header Files</Filter>
    </ClInclude>
    <ClInclude Include="Pascal.h">
      <Filter>Header Files</Filter>
    </ClInclude>
    <ClInclude Include="StlAlgorithm.h">
      <Filter>Header Files</Filter>
    </ClInclude>
    <ClInclude Include="LeetCode.h">
      <Filter>Header Files</Filter>
    </ClInclude>
    <ClInclude Include="MaxProduct.h">
      <Filter>Header Files</Filter>
    </ClInclude>
    <ClInclude Include="RotateSortArray.h">
      <Filter>Header Files</Filter>
    </ClInclude>
    <ClInclude Include="MinStack.h">
      <Filter>Header Files</Filter>
    </ClInclude>
    <ClInclude Include="IntersectionList.h">
      <Filter>Header Files</Filter>
    </ClInclude>
    <ClInclude Include="PeakNumber.h">
      <Filter>Header Files</Filter>
    </ClInclude>
    <ClInclude Include="MaximumGap.h">
      <Filter>Header Files</Filter>
    </ClInclude>
    <ClInclude Include="Fraction2Decimal.h">
      <Filter>Header Files</Filter>
    </ClInclude>
    <ClInclude Include="MajorityElement.h">
      <Filter>Header Files</Filter>
    </ClInclude>
    <ClInclude Include="TrailingZero.h">
      <Filter>Header Files</Filter>
    </ClInclude>
    <ClInclude Include="BSTIterator.h">
      <Filter>Header Files</Filter>
    </ClInclude>
  </ItemGroup>
  <ItemGroup>
    <ClCompile Include="stdafx.cpp">
      <Filter>Source Files</Filter>
    </ClCompile>
    <ClCompile Include="WordLadderII.cpp">
      <Filter>Source Files</Filter>
    </ClCompile>
    <ClCompile Include="Pascal.cpp">
      <Filter>Source Files</Filter>
    </ClCompile>
    <ClCompile Include="StlAlgorithm.cpp">
      <Filter>Source Files</Filter>
    </ClCompile>
    <ClCompile Include="Main.cpp">
      <Filter>Source Files</Filter>
    </ClCompile>
    <ClCompile Include="MaxProduct.cpp">
      <Filter>Source Files</Filter>
    </ClCompile>
    <ClCompile Include="RotateSortArray.cpp">
      <Filter>Source Files</Filter>
    </ClCompile>
    <ClCompile Include="MinStack.cpp">
      <Filter>Source Files</Filter>
    </ClCompile>
    <ClCompile Include="IntersectionList.cpp">
      <Filter>Source Files</Filter>
    </ClCompile>
    <ClCompile Include="PeakNumber.cpp">
      <Filter>Source Files</Filter>
    </ClCompile>
    <ClCompile Include="MaximumGap.cpp">
      <Filter>Source Files</Filter>
    </ClCompile>
    <ClCompile Include="Fraction2Decimal.cpp">
      <Filter>Source Files</Filter>
    </ClCompile>
    <ClCompile Include="MajorityElement.cpp">
      <Filter>Source Files</Filter>
    </ClCompile>
    <ClCompile Include="TrailingZero.cpp">
      <Filter>Source Files</Filter>
    </ClCompile>
    <ClCompile Include="BSTIterator.cpp">
      <Filter>Source Files</Filter>
    </ClCompile>
  </ItemGroup>
</Project>