// !$*UTF8*$!
{
	archiveVersion = 1;
	classes = {
	};
	objectVersion = 46;
	objects = {

/* Begin PBXBuildFile section */
		110891E51785A9F600615813 /* ArrayUtil.cpp in Sources */ = {isa = PBXBuildFile; fileRef = 110891E31785A9F600615813 /* ArrayUtil.cpp */; };
		111D6671177D81C000AC9D85 /* SwapNode.cpp in Sources */ = {isa = PBXBuildFile; fileRef = 111D666F177D81C000AC9D85 /* SwapNode.cpp */; };
		1121D7A91799810E00CED9D8 /* CombineSum.cpp in Sources */ = {isa = PBXBuildFile; fileRef = 1121D7A71799810E00CED9D8 /* CombineSum.cpp */; };
		1121D7AC179A649300CED9D8 /* CombineSumUnique.cpp in Sources */ = {isa = PBXBuildFile; fileRef = 1121D7AA179A649300CED9D8 /* CombineSumUnique.cpp */; };
		1121D7AF179A69F500CED9D8 /* FindMissingValue.cpp in Sources */ = {isa = PBXBuildFile; fileRef = 1121D7AD179A69F500CED9D8 /* FindMissingValue.cpp */; };
		1121D7B2179A758500CED9D8 /* RainWater.cpp in Sources */ = {isa = PBXBuildFile; fileRef = 1121D7B0179A758500CED9D8 /* RainWater.cpp */; };
		1121D7B5179AC6D000CED9D8 /* MultiplyString.cpp in Sources */ = {isa = PBXBuildFile; fileRef = 1121D7B3179AC6D000CED9D8 /* MultiplyString.cpp */; };
		1138277717A2A5E600D52A90 /* Anagram.cpp in Sources */ = {isa = PBXBuildFile; fileRef = 1138277517A2A5E600D52A90 /* Anagram.cpp */; };
		1138277A17A2AD7400D52A90 /* PowerN.cpp in Sources */ = {isa = PBXBuildFile; fileRef = 1138277817A2AD7400D52A90 /* PowerN.cpp */; };
		1138277D17A3683400D52A90 /* NQueue.cpp in Sources */ = {isa = PBXBuildFile; fileRef = 1138277B17A3683400D52A90 /* NQueue.cpp */; };
		1138278017A3C55100D52A90 /* NQueueII.cpp in Sources */ = {isa = PBXBuildFile; fileRef = 1138277E17A3C55100D52A90 /* NQueueII.cpp */; };
		1138278317A3E9AB00D52A90 /* MaximumSubArray.cpp in Sources */ = {isa = PBXBuildFile; fileRef = 1138278117A3E9AA00D52A90 /* MaximumSubArray.cpp */; };
		113DD48F1787029C00D6623C /* LongestValidParentheses.cpp in Sources */ = {isa = PBXBuildFile; fileRef = 113DD48D1787029C00D6623C /* LongestValidParentheses.cpp */; };
		113DD4931787E15E00D6623C /* SearchRSA.cpp in Sources */ = {isa = PBXBuildFile; fileRef = 113DD4911787E15E00D6623C /* SearchRSA.cpp */; };
		113DD49617881F7900D6623C /* SearchRange.cpp in Sources */ = {isa = PBXBuildFile; fileRef = 113DD49417881F7900D6623C /* SearchRange.cpp */; };
		113DD499178824BA00D6623C /* SearchInsertPosition.cpp in Sources */ = {isa = PBXBuildFile; fileRef = 113DD497178824BA00D6623C /* SearchInsertPosition.cpp */; };
		114CD9AF1779D6AF009F86BB /* MergeKList.cpp in Sources */ = {isa = PBXBuildFile; fileRef = 114CD9AD1779D6AF009F86BB /* MergeKList.cpp */; };
		114EC2C517A1658000C7E7C5 /* RotateImage.cpp in Sources */ = {isa = PBXBuildFile; fileRef = 114EC2C317A1658000C7E7C5 /* RotateImage.cpp */; };
		1151DF4E17733FFF004DFA95 /* 3SumClosest.cpp in Sources */ = {isa = PBXBuildFile; fileRef = 1151DF4C17733FFF004DFA95 /* 3SumClosest.cpp */; };
		11612A30174112EF00E3209E /* PalindromeNumber.cpp in Sources */ = {isa = PBXBuildFile; fileRef = 11612A2E174112EF00E3209E /* PalindromeNumber.cpp */; };
		11612A34174114D200E3209E /* RegularExpressionMatching.cpp in Sources */ = {isa = PBXBuildFile; fileRef = 11612A32174114D200E3209E /* RegularExpressionMatching.cpp */; };
		11612A371743CB3A00E3209E /* Container.cpp in Sources */ = {isa = PBXBuildFile; fileRef = 11612A351743CB3A00E3209E /* Container.cpp */; };
		118E5072177493ED004D75CD /* 4Sum.cpp in Sources */ = {isa = PBXBuildFile; fileRef = 118E5070177493ED004D75CD /* 4Sum.cpp */; };
		119580801775507E0035071E /* PhoneNumber.cpp in Sources */ = {isa = PBXBuildFile; fileRef = 1195807E1775507E0035071E /* PhoneNumber.cpp */; };
		11A3983F177D8BF70048555B /* ReverseKNode.cpp in Sources */ = {isa = PBXBuildFile; fileRef = 11A3983D177D8BF70048555B /* ReverseKNode.cpp */; };
		11A39842177D92DE0048555B /* ListNodeUtil.cpp in Sources */ = {isa = PBXBuildFile; fileRef = 11A39840177D92DE0048555B /* ListNodeUtil.cpp */; };
		11AF232A1781B8C900332F8A /* DivideInteger.cpp in Sources */ = {isa = PBXBuildFile; fileRef = 11AF23281781B8C900332F8A /* DivideInteger.cpp */; };
		11AF232E1783205200332F8A /* ConCatWords.cpp in Sources */ = {isa = PBXBuildFile; fileRef = 11AF232C1783205100332F8A /* ConCatWords.cpp */; };
		11B4B2F9174A777600EA2EF5 /* LCP.cpp in Sources */ = {isa = PBXBuildFile; fileRef = 11B4B2F7174A777600EA2EF5 /* LCP.cpp */; };
		11BC77BA17A00524009AE343 /* JumpGameDetermine.cpp in Sources */ = {isa = PBXBuildFile; fileRef = 11BC77B817A00524009AE343 /* JumpGameDetermine.cpp */; };
		11BC77BE17A00987009AE343 /* Permutation.cpp in Sources */ = {isa = PBXBuildFile; fileRef = 11BC77BC17A00987009AE343 /* Permutation.cpp */; };
		11BC77C117A012D5009AE343 /* UniquePermuation.cpp in Sources */ = {isa = PBXBuildFile; fileRef = 11BC77BF17A012D5009AE343 /* UniquePermuation.cpp */; };
		11C1C914177DE62700613D0E /* RemoveDuplicate.cpp in Sources */ = {isa = PBXBuildFile; fileRef = 11C1C912177DE62700613D0E /* RemoveDuplicate.cpp */; };
		11C1C917177DE7A400613D0E /* RemoveElement.cpp in Sources */ = {isa = PBXBuildFile; fileRef = 11C1C915177DE7A400613D0E /* RemoveElement.cpp */; };
		11C1C91A177DE96600613D0E /* StrStr.cpp in Sources */ = {isa = PBXBuildFile; fileRef = 11C1C918177DE96600613D0E /* StrStr.cpp */; };
		11C1FF261776BC8B00A6F862 /* NthNode.cpp in Sources */ = {isa = PBXBuildFile; fileRef = 11C1FF241776BC8B00A6F862 /* NthNode.cpp */; };
		11C1FF291776C0EB00A6F862 /* ValidParentheses.cpp in Sources */ = {isa = PBXBuildFile; fileRef = 11C1FF271776C0EB00A6F862 /* ValidParentheses.cpp */; };
		11C1FF2C1776C47900A6F862 /* GenerateParentheses.cpp in Sources */ = {isa = PBXBuildFile; fileRef = 11C1FF2A1776C47900A6F862 /* GenerateParentheses.cpp */; };
		11CD5AAA179EC09000ECB7C2 /* JumpGame.cpp in Sources */ = {isa = PBXBuildFile; fileRef = 11CD5AA8179EC09000ECB7C2 /* JumpGame.cpp */; };
		11CF6F3A172571CE008D0992 /* main.cpp in Sources */ = {isa = PBXBuildFile; fileRef = 11CF6F39172571CE008D0992 /* main.cpp */; };
		11CF6F3C172571CE008D0992 /* LeetCode.1 in CopyFiles */ = {isa = PBXBuildFile; fileRef = 11CF6F3B172571CE008D0992 /* LeetCode.1 */; };
		11CF6F4417257212008D0992 /* IRun.cpp in Sources */ = {isa = PBXBuildFile; fileRef = 11CF6F4217257212008D0992 /* IRun.cpp */; };
		11CF6F4817257353008D0992 /* ReverseDigit.cpp in Sources */ = {isa = PBXBuildFile; fileRef = 11CF6F4617257353008D0992 /* ReverseDigit.cpp */; };
		11CF6F4B1727AA85008D0992 /* String2Number.cpp in Sources */ = {isa = PBXBuildFile; fileRef = 11CF6F491727AA85008D0992 /* String2Number.cpp */; };
		11E966B0179B9CB500A18E23 /* WildCardMatch.cpp in Sources */ = {isa = PBXBuildFile; fileRef = 11E966AE179B9CB500A18E23 /* WildCardMatch.cpp */; };
		11F42F8E1771EE6000CD5E7E /* 3Number.cpp in Sources */ = {isa = PBXBuildFile; fileRef = 11F42F8C1771EE6000CD5E7E /* 3Number.cpp */; };
		11F8702417846D400089A21C /* NextPermutation.cpp in Sources */ = {isa = PBXBuildFile; fileRef = 11F8702217846D400089A21C /* NextPermutation.cpp */; };
/* End PBXBuildFile section */

/* Begin PBXCopyFilesBuildPhase section */
		11CF6F34172571CE008D0992 /* CopyFiles */ = {
			isa = PBXCopyFilesBuildPhase;
			buildActionMask = 2147483647;
			dstPath = /usr/share/man/man1/;
			dstSubfolderSpec = 0;
			files = (
				11CF6F3C172571CE008D0992 /* LeetCode.1 in CopyFiles */,
			);
			runOnlyForDeploymentPostprocessing = 1;
		};
/* End PBXCopyFilesBuildPhase section */

/* Begin PBXFileReference section */
		110891E31785A9F600615813 /* ArrayUtil.cpp */ = {isa = PBXFileReference; fileEncoding = 4; lastKnownFileType = sourcecode.cpp.cpp; path = ArrayUtil.cpp; sourceTree = "<group>"; };
		110891E41785A9F600615813 /* ArrayUtil.h */ = {isa = PBXFileReference; fileEncoding = 4; lastKnownFileType = sourcecode.c.h; path = ArrayUtil.h; sourceTree = "<group>"; };
		111D666F177D81C000AC9D85 /* SwapNode.cpp */ = {isa = PBXFileReference; fileEncoding = 4; lastKnownFileType = sourcecode.cpp.cpp; path = SwapNode.cpp; sourceTree = "<group>"; };
		111D6670177D81C000AC9D85 /* SwapNode.h */ = {isa = PBXFileReference; fileEncoding = 4; lastKnownFileType = sourcecode.c.h; path = SwapNode.h; sourceTree = "<group>"; };
		1121D7A71799810E00CED9D8 /* CombineSum.cpp */ = {isa = PBXFileReference; fileEncoding = 4; lastKnownFileType = sourcecode.cpp.cpp; path = CombineSum.cpp; sourceTree = "<group>"; };
		1121D7A81799810E00CED9D8 /* CombineSum.h */ = {isa = PBXFileReference; fileEncoding = 4; lastKnownFileType = sourcecode.c.h; path = CombineSum.h; sourceTree = "<group>"; };
		1121D7AA179A649300CED9D8 /* CombineSumUnique.cpp */ = {isa = PBXFileReference; fileEncoding = 4; lastKnownFileType = sourcecode.cpp.cpp; path = CombineSumUnique.cpp; sourceTree = "<group>"; };
		1121D7AB179A649300CED9D8 /* CombineSumUnique.h */ = {isa = PBXFileReference; fileEncoding = 4; lastKnownFileType = sourcecode.c.h; path = CombineSumUnique.h; sourceTree = "<group>"; };
		1121D7AD179A69F500CED9D8 /* FindMissingValue.cpp */ = {isa = PBXFileReference; fileEncoding = 4; lastKnownFileType = sourcecode.cpp.cpp; path = FindMissingValue.cpp; sourceTree = "<group>"; };
		1121D7AE179A69F500CED9D8 /* FindMissingValue.h */ = {isa = PBXFileReference; fileEncoding = 4; lastKnownFileType = sourcecode.c.h; path = FindMissingValue.h; sourceTree = "<group>"; };
		1121D7B0179A758500CED9D8 /* RainWater.cpp */ = {isa = PBXFileReference; fileEncoding = 4; lastKnownFileType = sourcecode.cpp.cpp; path = RainWater.cpp; sourceTree = "<group>"; };
		1121D7B1179A758500CED9D8 /* RainWater.h */ = {isa = PBXFileReference; fileEncoding = 4; lastKnownFileType = sourcecode.c.h; path = RainWater.h; sourceTree = "<group>"; };
		1121D7B3179AC6D000CED9D8 /* MultiplyString.cpp */ = {isa = PBXFileReference; fileEncoding = 4; lastKnownFileType = sourcecode.cpp.cpp; path = MultiplyString.cpp; sourceTree = "<group>"; };
		1121D7B4179AC6D000CED9D8 /* MultiplyString.h */ = {isa = PBXFileReference; fileEncoding = 4; lastKnownFileType = sourcecode.c.h; path = MultiplyString.h; sourceTree = "<group>"; };
		1138277517A2A5E600D52A90 /* Anagram.cpp */ = {isa = PBXFileReference; fileEncoding = 4; lastKnownFileType = sourcecode.cpp.cpp; path = Anagram.cpp; sourceTree = "<group>"; };
		1138277617A2A5E600D52A90 /* Anagram.h */ = {isa = PBXFileReference; fileEncoding = 4; lastKnownFileType = sourcecode.c.h; path = Anagram.h; sourceTree = "<group>"; };
		1138277817A2AD7400D52A90 /* PowerN.cpp */ = {isa = PBXFileReference; fileEncoding = 4; lastKnownFileType = sourcecode.cpp.cpp; path = PowerN.cpp; sourceTree = "<group>"; };
		1138277917A2AD7400D52A90 /* PowerN.h */ = {isa = PBXFileReference; fileEncoding = 4; lastKnownFileType = sourcecode.c.h; path = PowerN.h; sourceTree = "<group>"; };
		1138277B17A3683400D52A90 /* NQueue.cpp */ = {isa = PBXFileReference; fileEncoding = 4; lastKnownFileType = sourcecode.cpp.cpp; path = NQueue.cpp; sourceTree = "<group>"; };
		1138277C17A3683400D52A90 /* NQueue.h */ = {isa = PBXFileReference; fileEncoding = 4; lastKnownFileType = sourcecode.c.h; path = NQueue.h; sourceTree = "<group>"; };
		1138277E17A3C55100D52A90 /* NQueueII.cpp */ = {isa = PBXFileReference; fileEncoding = 4; lastKnownFileType = sourcecode.cpp.cpp; path = NQueueII.cpp; sourceTree = "<group>"; };
		1138277F17A3C55100D52A90 /* NQueueII.h */ = {isa = PBXFileReference; fileEncoding = 4; lastKnownFileType = sourcecode.c.h; path = NQueueII.h; sourceTree = "<group>"; };
		1138278117A3E9AA00D52A90 /* MaximumSubArray.cpp */ = {isa = PBXFileReference; fileEncoding = 4; lastKnownFileType = sourcecode.cpp.cpp; path = MaximumSubArray.cpp; sourceTree = "<group>"; };
		1138278217A3E9AA00D52A90 /* MaximumSubArray.h */ = {isa = PBXFileReference; fileEncoding = 4; lastKnownFileType = sourcecode.c.h; path = MaximumSubArray.h; sourceTree = "<group>"; };
		113DD48D1787029C00D6623C /* LongestValidParentheses.cpp */ = {isa = PBXFileReference; fileEncoding = 4; lastKnownFileType = sourcecode.cpp.cpp; path = LongestValidParentheses.cpp; sourceTree = "<group>"; };
		113DD48E1787029C00D6623C /* LongestValidParentheses.h */ = {isa = PBXFileReference; fileEncoding = 4; lastKnownFileType = sourcecode.c.h; path = LongestValidParentheses.h; sourceTree = "<group>"; };
		113DD4911787E15E00D6623C /* SearchRSA.cpp */ = {isa = PBXFileReference; fileEncoding = 4; lastKnownFileType = sourcecode.cpp.cpp; path = SearchRSA.cpp; sourceTree = "<group>"; };
		113DD4921787E15E00D6623C /* SearchRSA.h */ = {isa = PBXFileReference; fileEncoding = 4; lastKnownFileType = sourcecode.c.h; path = SearchRSA.h; sourceTree = "<group>"; };
		113DD49417881F7900D6623C /* SearchRange.cpp */ = {isa = PBXFileReference; fileEncoding = 4; lastKnownFileType = sourcecode.cpp.cpp; path = SearchRange.cpp; sourceTree = "<group>"; };
		113DD49517881F7900D6623C /* SearchRange.h */ = {isa = PBXFileReference; fileEncoding = 4; lastKnownFileType = sourcecode.c.h; path = SearchRange.h; sourceTree = "<group>"; };
		113DD497178824BA00D6623C /* SearchInsertPosition.cpp */ = {isa = PBXFileReference; fileEncoding = 4; lastKnownFileType = sourcecode.cpp.cpp; path = SearchInsertPosition.cpp; sourceTree = "<group>"; };
		113DD498178824BA00D6623C /* SearchInsertPosition.h */ = {isa = PBXFileReference; fileEncoding = 4; lastKnownFileType = sourcecode.c.h; path = SearchInsertPosition.h; sourceTree = "<group>"; };
		114CD9AD1779D6AF009F86BB /* MergeKList.cpp */ = {isa = PBXFileReference; fileEncoding = 4; lastKnownFileType = sourcecode.cpp.cpp; path = MergeKList.cpp; sourceTree = "<group>"; };
		114CD9AE1779D6AF009F86BB /* MergeKList.h */ = {isa = PBXFileReference; fileEncoding = 4; lastKnownFileType = sourcecode.c.h; path = MergeKList.h; sourceTree = "<group>"; };
		114EC2C317A1658000C7E7C5 /* RotateImage.cpp */ = {isa = PBXFileReference; fileEncoding = 4; lastKnownFileType = sourcecode.cpp.cpp; path = RotateImage.cpp; sourceTree = "<group>"; };
		114EC2C417A1658000C7E7C5 /* RotateImage.h */ = {isa = PBXFileReference; fileEncoding = 4; lastKnownFileType = sourcecode.c.h; path = RotateImage.h; sourceTree = "<group>"; };
		1151DF4C17733FFF004DFA95 /* 3SumClosest.cpp */ = {isa = PBXFileReference; fileEncoding = 4; lastKnownFileType = sourcecode.cpp.cpp; path = 3SumClosest.cpp; sourceTree = "<group>"; };
		1151DF4D17733FFF004DFA95 /* 3SumClosest.h */ = {isa = PBXFileReference; fileEncoding = 4; lastKnownFileType = sourcecode.c.h; path = 3SumClosest.h; sourceTree = "<group>"; };
		11612A2E174112EF00E3209E /* PalindromeNumber.cpp */ = {isa = PBXFileReference; fileEncoding = 4; lastKnownFileType = sourcecode.cpp.cpp; path = PalindromeNumber.cpp; sourceTree = "<group>"; };
		11612A2F174112EF00E3209E /* PalindromeNumber.h */ = {isa = PBXFileReference; fileEncoding = 4; lastKnownFileType = sourcecode.c.h; path = PalindromeNumber.h; sourceTree = "<group>"; };
		11612A32174114D200E3209E /* RegularExpressionMatching.cpp */ = {isa = PBXFileReference; fileEncoding = 4; lastKnownFileType = sourcecode.cpp.cpp; path = RegularExpressionMatching.cpp; sourceTree = "<group>"; };
		11612A33174114D200E3209E /* RegularExpressionMatching.h */ = {isa = PBXFileReference; fileEncoding = 4; lastKnownFileType = sourcecode.c.h; path = RegularExpressionMatching.h; sourceTree = "<group>"; };
		11612A351743CB3A00E3209E /* Container.cpp */ = {isa = PBXFileReference; fileEncoding = 4; lastKnownFileType = sourcecode.cpp.cpp; path = Container.cpp; sourceTree = "<group>"; };
		11612A361743CB3A00E3209E /* Container.h */ = {isa = PBXFileReference; fileEncoding = 4; lastKnownFileType = sourcecode.c.h; path = Container.h; sourceTree = "<group>"; };
		118E5070177493ED004D75CD /* 4Sum.cpp */ = {isa = PBXFileReference; fileEncoding = 4; lastKnownFileType = sourcecode.cpp.cpp; path = 4Sum.cpp; sourceTree = "<group>"; };
		118E5071177493ED004D75CD /* 4Sum.h */ = {isa = PBXFileReference; fileEncoding = 4; lastKnownFileType = sourcecode.c.h; path = 4Sum.h; sourceTree = "<group>"; };
		1195807E1775507E0035071E /* PhoneNumber.cpp */ = {isa = PBXFileReference; fileEncoding = 4; lastKnownFileType = sourcecode.cpp.cpp; path = PhoneNumber.cpp; sourceTree = "<group>"; };
		1195807F1775507E0035071E /* PhoneNumber.h */ = {isa = PBXFileReference; fileEncoding = 4; lastKnownFileType = sourcecode.c.h; path = PhoneNumber.h; sourceTree = "<group>"; };
		11A3983D177D8BF70048555B /* ReverseKNode.cpp */ = {isa = PBXFileReference; fileEncoding = 4; lastKnownFileType = sourcecode.cpp.cpp; path = ReverseKNode.cpp; sourceTree = "<group>"; };
		11A3983E177D8BF70048555B /* ReverseKNode.h */ = {isa = PBXFileReference; fileEncoding = 4; lastKnownFileType = sourcecode.c.h; path = ReverseKNode.h; sourceTree = "<group>"; };
		11A39840177D92DE0048555B /* ListNodeUtil.cpp */ = {isa = PBXFileReference; fileEncoding = 4; lastKnownFileType = sourcecode.cpp.cpp; path = ListNodeUtil.cpp; sourceTree = "<group>"; };
		11A39841177D92DE0048555B /* ListNodeUtil.h */ = {isa = PBXFileReference; fileEncoding = 4; lastKnownFileType = sourcecode.c.h; path = ListNodeUtil.h; sourceTree = "<group>"; };
		11AF23281781B8C900332F8A /* DivideInteger.cpp */ = {isa = PBXFileReference; fileEncoding = 4; lastKnownFileType = sourcecode.cpp.cpp; path = DivideInteger.cpp; sourceTree = "<group>"; };
		11AF23291781B8C900332F8A /* DivideInteger.h */ = {isa = PBXFileReference; fileEncoding = 4; lastKnownFileType = sourcecode.c.h; path = DivideInteger.h; sourceTree = "<group>"; };
		11AF232C1783205100332F8A /* ConCatWords.cpp */ = {isa = PBXFileReference; fileEncoding = 4; lastKnownFileType = sourcecode.cpp.cpp; path = ConCatWords.cpp; sourceTree = "<group>"; };
		11AF232D1783205200332F8A /* ConCatWords.h */ = {isa = PBXFileReference; fileEncoding = 4; lastKnownFileType = sourcecode.c.h; path = ConCatWords.h; sourceTree = "<group>"; };
		11B4B2F7174A777600EA2EF5 /* LCP.cpp */ = {isa = PBXFileReference; fileEncoding = 4; lastKnownFileType = sourcecode.cpp.cpp; path = LCP.cpp; sourceTree = "<group>"; };
		11B4B2F8174A777600EA2EF5 /* LCP.h */ = {isa = PBXFileReference; fileEncoding = 4; lastKnownFileType = sourcecode.c.h; path = LCP.h; sourceTree = "<group>"; };
		11BC77B817A00524009AE343 /* JumpGameDetermine.cpp */ = {isa = PBXFileReference; fileEncoding = 4; lastKnownFileType = sourcecode.cpp.cpp; path = JumpGameDetermine.cpp; sourceTree = "<group>"; };
		11BC77B917A00524009AE343 /* JumpGameDetermine.h */ = {isa = PBXFileReference; fileEncoding = 4; lastKnownFileType = sourcecode.c.h; path = JumpGameDetermine.h; sourceTree = "<group>"; };
		11BC77BC17A00987009AE343 /* Permutation.cpp */ = {isa = PBXFileReference; fileEncoding = 4; lastKnownFileType = sourcecode.cpp.cpp; path = Permutation.cpp; sourceTree = "<group>"; };
		11BC77BD17A00987009AE343 /* Permutation.h */ = {isa = PBXFileReference; fileEncoding = 4; lastKnownFileType = sourcecode.c.h; path = Permutation.h; sourceTree = "<group>"; };
		11BC77BF17A012D5009AE343 /* UniquePermuation.cpp */ = {isa = PBXFileReference; fileEncoding = 4; lastKnownFileType = sourcecode.cpp.cpp; path = UniquePermuation.cpp; sourceTree = "<group>"; };
		11BC77C017A012D5009AE343 /* UniquePermuation.h */ = {isa = PBXFileReference; fileEncoding = 4; lastKnownFileType = sourcecode.c.h; path = UniquePermuation.h; sourceTree = "<group>"; };
		11C1C912177DE62700613D0E /* RemoveDuplicate.cpp */ = {isa = PBXFileReference; fileEncoding = 4; lastKnownFileType = sourcecode.cpp.cpp; path = RemoveDuplicate.cpp; sourceTree = "<group>"; };
		11C1C913177DE62700613D0E /* RemoveDuplicate.h */ = {isa = PBXFileReference; fileEncoding = 4; lastKnownFileType = sourcecode.c.h; path = RemoveDuplicate.h; sourceTree = "<group>"; };
		11C1C915177DE7A400613D0E /* RemoveElement.cpp */ = {isa = PBXFileReference; fileEncoding = 4; lastKnownFileType = sourcecode.cpp.cpp; path = RemoveElement.cpp; sourceTree = "<group>"; };
		11C1C916177DE7A400613D0E /* RemoveElement.h */ = {isa = PBXFileReference; fileEncoding = 4; lastKnownFileType = sourcecode.c.h; path = RemoveElement.h; sourceTree = "<group>"; };
		11C1C918177DE96600613D0E /* StrStr.cpp */ = {isa = PBXFileReference; fileEncoding = 4; lastKnownFileType = sourcecode.cpp.cpp; path = StrStr.cpp; sourceTree = "<group>"; };
		11C1C919177DE96600613D0E /* StrStr.h */ = {isa = PBXFileReference; fileEncoding = 4; lastKnownFileType = sourcecode.c.h; path = StrStr.h; sourceTree = "<group>"; };
		11C1FF241776BC8B00A6F862 /* NthNode.cpp */ = {isa = PBXFileReference; fileEncoding = 4; lastKnownFileType = sourcecode.cpp.cpp; path = NthNode.cpp; sourceTree = "<group>"; };
		11C1FF251776BC8B00A6F862 /* NthNode.h */ = {isa = PBXFileReference; fileEncoding = 4; lastKnownFileType = sourcecode.c.h; path = NthNode.h; sourceTree = "<group>"; };
		11C1FF271776C0EB00A6F862 /* ValidParentheses.cpp */ = {isa = PBXFileReference; fileEncoding = 4; lastKnownFileType = sourcecode.cpp.cpp; path = ValidParentheses.cpp; sourceTree = "<group>"; };
		11C1FF281776C0EB00A6F862 /* ValidParentheses.h */ = {isa = PBXFileReference; fileEncoding = 4; lastKnownFileType = sourcecode.c.h; path = ValidParentheses.h; sourceTree = "<group>"; };
		11C1FF2A1776C47900A6F862 /* GenerateParentheses.cpp */ = {isa = PBXFileReference; fileEncoding = 4; lastKnownFileType = sourcecode.cpp.cpp; path = GenerateParentheses.cpp; sourceTree = "<group>"; };
		11C1FF2B1776C47900A6F862 /* GenerateParentheses.h */ = {isa = PBXFileReference; fileEncoding = 4; lastKnownFileType = sourcecode.c.h; path = GenerateParentheses.h; sourceTree = "<group>"; };
		11CD5AA8179EC09000ECB7C2 /* JumpGame.cpp */ = {isa = PBXFileReference; fileEncoding = 4; lastKnownFileType = sourcecode.cpp.cpp; path = JumpGame.cpp; sourceTree = "<group>"; };
		11CD5AA9179EC09000ECB7C2 /* JumpGame.h */ = {isa = PBXFileReference; fileEncoding = 4; lastKnownFileType = sourcecode.c.h; path = JumpGame.h; sourceTree = "<group>"; };
		11CF6F36172571CE008D0992 /* LeetCode */ = {isa = PBXFileReference; explicitFileType = "compiled.mach-o.executable"; includeInIndex = 0; path = LeetCode; sourceTree = BUILT_PRODUCTS_DIR; };
		11CF6F39172571CE008D0992 /* main.cpp */ = {isa = PBXFileReference; lastKnownFileType = sourcecode.cpp.cpp; path = main.cpp; sourceTree = "<group>"; };
		11CF6F3B172571CE008D0992 /* LeetCode.1 */ = {isa = PBXFileReference; lastKnownFileType = text.man; path = LeetCode.1; sourceTree = "<group>"; };
		11CF6F4217257212008D0992 /* IRun.cpp */ = {isa = PBXFileReference; fileEncoding = 4; lastKnownFileType = sourcecode.cpp.cpp; path = IRun.cpp; sourceTree = "<group>"; };
		11CF6F4317257212008D0992 /* IRun.h */ = {isa = PBXFileReference; fileEncoding = 4; lastKnownFileType = sourcecode.c.h; path = IRun.h; sourceTree = "<group>"; };
		11CF6F4617257353008D0992 /* ReverseDigit.cpp */ = {isa = PBXFileReference; fileEncoding = 4; lastKnownFileType = sourcecode.cpp.cpp; path = ReverseDigit.cpp; sourceTree = "<group>"; };
		11CF6F4717257353008D0992 /* ReverseDigit.h */ = {isa = PBXFileReference; fileEncoding = 4; lastKnownFileType = sourcecode.c.h; path = ReverseDigit.h; sourceTree = "<group>"; };
		11CF6F491727AA85008D0992 /* String2Number.cpp */ = {isa = PBXFileReference; fileEncoding = 4; lastKnownFileType = sourcecode.cpp.cpp; path = String2Number.cpp; sourceTree = "<group>"; };
		11CF6F4A1727AA85008D0992 /* String2Number.h */ = {isa = PBXFileReference; fileEncoding = 4; lastKnownFileType = sourcecode.c.h; path = String2Number.h; sourceTree = "<group>"; };
		11E966AE179B9CB500A18E23 /* WildCardMatch.cpp */ = {isa = PBXFileReference; fileEncoding = 4; lastKnownFileType = sourcecode.cpp.cpp; path = WildCardMatch.cpp; sourceTree = "<group>"; };
		11E966AF179B9CB500A18E23 /* WildCardMatch.h */ = {isa = PBXFileReference; fileEncoding = 4; lastKnownFileType = sourcecode.c.h; path = WildCardMatch.h; sourceTree = "<group>"; };
		11F42F8C1771EE6000CD5E7E /* 3Number.cpp */ = {isa = PBXFileReference; fileEncoding = 4; lastKnownFileType = sourcecode.cpp.cpp; path = 3Number.cpp; sourceTree = "<group>"; };
		11F42F8D1771EE6000CD5E7E /* 3Number.h */ = {isa = PBXFileReference; fileEncoding = 4; lastKnownFileType = sourcecode.c.h; path = 3Number.h; sourceTree = "<group>"; };
		11F8702217846D400089A21C /* NextPermutation.cpp */ = {isa = PBXFileReference; fileEncoding = 4; lastKnownFileType = sourcecode.cpp.cpp; path = NextPermutation.cpp; sourceTree = "<group>"; };
		11F8702317846D400089A21C /* NextPermutation.h */ = {isa = PBXFileReference; fileEncoding = 4; lastKnownFileType = sourcecode.c.h; path = NextPermutation.h; sourceTree = "<group>"; };
/* End PBXFileReference section */

/* Begin PBXFrameworksBuildPhase section */
		11CF6F33172571CE008D0992 /* Frameworks */ = {
			isa = PBXFrameworksBuildPhase;
			buildActionMask = 2147483647;
			files = (
			);
			runOnlyForDeploymentPostprocessing = 0;
		};
/* End PBXFrameworksBuildPhase section */

/* Begin PBXGroup section */
		110891E21785A9DF00615813 /* Util */ = {
			isa = PBXGroup;
			children = (
				110891E31785A9F600615813 /* ArrayUtil.cpp */,
				110891E41785A9F600615813 /* ArrayUtil.h */,
			);
			name = Util;
			sourceTree = "<group>";
		};
		113DD4901787E14B00D6623C /* Search */ = {
			isa = PBXGroup;
			children = (
				113DD4911787E15E00D6623C /* SearchRSA.cpp */,
				113DD4921787E15E00D6623C /* SearchRSA.h */,
				113DD49417881F7900D6623C /* SearchRange.cpp */,
				113DD49517881F7900D6623C /* SearchRange.h */,
				113DD497178824BA00D6623C /* SearchInsertPosition.cpp */,
				113DD498178824BA00D6623C /* SearchInsertPosition.h */,
			);
			name = Search;
			sourceTree = "<group>";
		};
		11612A31174114AB00E3209E /* String */ = {
			isa = PBXGroup;
			children = (
				11612A32174114D200E3209E /* RegularExpressionMatching.cpp */,
				11612A33174114D200E3209E /* RegularExpressionMatching.h */,
				11B4B2F7174A777600EA2EF5 /* LCP.cpp */,
				11B4B2F8174A777600EA2EF5 /* LCP.h */,
				1195807E1775507E0035071E /* PhoneNumber.cpp */,
				1195807F1775507E0035071E /* PhoneNumber.h */,
				11C1FF271776C0EB00A6F862 /* ValidParentheses.cpp */,
				11C1FF281776C0EB00A6F862 /* ValidParentheses.h */,
				11C1FF2A1776C47900A6F862 /* GenerateParentheses.cpp */,
				11C1FF2B1776C47900A6F862 /* GenerateParentheses.h */,
				11C1C918177DE96600613D0E /* StrStr.cpp */,
				11C1C919177DE96600613D0E /* StrStr.h */,
				11AF232C1783205100332F8A /* ConCatWords.cpp */,
				11AF232D1783205200332F8A /* ConCatWords.h */,
				113DD48D1787029C00D6623C /* LongestValidParentheses.cpp */,
				113DD48E1787029C00D6623C /* LongestValidParentheses.h */,
				1121D7B3179AC6D000CED9D8 /* MultiplyString.cpp */,
				1121D7B4179AC6D000CED9D8 /* MultiplyString.h */,
				11E966AE179B9CB500A18E23 /* WildCardMatch.cpp */,
				11E966AF179B9CB500A18E23 /* WildCardMatch.h */,
				1138277517A2A5E600D52A90 /* Anagram.cpp */,
				1138277617A2A5E600D52A90 /* Anagram.h */,
			);
			name = String;
			sourceTree = "<group>";
		};
		11BC77BB17A00977009AE343 /* Recursive */ = {
			isa = PBXGroup;
			children = (
				11BC77BC17A00987009AE343 /* Permutation.cpp */,
				11BC77BD17A00987009AE343 /* Permutation.h */,
				11BC77BF17A012D5009AE343 /* UniquePermuation.cpp */,
				11BC77C017A012D5009AE343 /* UniquePermuation.h */,
				114EC2C317A1658000C7E7C5 /* RotateImage.cpp */,
				114EC2C417A1658000C7E7C5 /* RotateImage.h */,
				1138277B17A3683400D52A90 /* NQueue.cpp */,
				1138277C17A3683400D52A90 /* NQueue.h */,
				1138277E17A3C55100D52A90 /* NQueueII.cpp */,
				1138277F17A3C55100D52A90 /* NQueueII.h */,
			);
			name = Recursive;
			sourceTree = "<group>";
		};
		11C1C911177DE5FF00613D0E /* Array */ = {
			isa = PBXGroup;
			children = (
				11C1C912177DE62700613D0E /* RemoveDuplicate.cpp */,
				11C1C913177DE62700613D0E /* RemoveDuplicate.h */,
				11C1C915177DE7A400613D0E /* RemoveElement.cpp */,
				11C1C916177DE7A400613D0E /* RemoveElement.h */,
				1138278117A3E9AA00D52A90 /* MaximumSubArray.cpp */,
				1138278217A3E9AA00D52A90 /* MaximumSubArray.h */,
			);
			name = Array;
			sourceTree = "<group>";
		};
		11C1FF231776BC7C00A6F862 /* List */ = {
			isa = PBXGroup;
			children = (
				11C1FF241776BC8B00A6F862 /* NthNode.cpp */,
				11C1FF251776BC8B00A6F862 /* NthNode.h */,
				114CD9AD1779D6AF009F86BB /* MergeKList.cpp */,
				114CD9AE1779D6AF009F86BB /* MergeKList.h */,
				111D666F177D81C000AC9D85 /* SwapNode.cpp */,
				111D6670177D81C000AC9D85 /* SwapNode.h */,
				11A3983D177D8BF70048555B /* ReverseKNode.cpp */,
				11A3983E177D8BF70048555B /* ReverseKNode.h */,
				11A39840177D92DE0048555B /* ListNodeUtil.cpp */,
				11A39841177D92DE0048555B /* ListNodeUtil.h */,
			);
			name = List;
			sourceTree = "<group>";
		};
		11CD5AA7179EC07A00ECB7C2 /* Greedy&DP */ = {
			isa = PBXGroup;
			children = (
				11CD5AA8179EC09000ECB7C2 /* JumpGame.cpp */,
				11CD5AA9179EC09000ECB7C2 /* JumpGame.h */,
				11BC77B817A00524009AE343 /* JumpGameDetermine.cpp */,
				11BC77B917A00524009AE343 /* JumpGameDetermine.h */,
			);
			name = "Greedy&DP";
			sourceTree = "<group>";
		};
		11CF6F2D172571CE008D0992 = {
			isa = PBXGroup;
			children = (
				11CF6F38172571CE008D0992 /* LeetCode */,
				11CF6F37172571CE008D0992 /* Products */,
			);
			sourceTree = "<group>";
		};
		11CF6F37172571CE008D0992 /* Products */ = {
			isa = PBXGroup;
			children = (
				11CF6F36172571CE008D0992 /* LeetCode */,
			);
			name = Products;
			sourceTree = "<group>";
		};
		11CF6F38172571CE008D0992 /* LeetCode */ = {
			isa = PBXGroup;
			children = (
				11BC77BB17A00977009AE343 /* Recursive */,
				11CD5AA7179EC07A00ECB7C2 /* Greedy&DP */,
				113DD4901787E14B00D6623C /* Search */,
				110891E21785A9DF00615813 /* Util */,
				11C1C911177DE5FF00613D0E /* Array */,
				11C1FF231776BC7C00A6F862 /* List */,
				11612A31174114AB00E3209E /* String */,
				11CF6F451725723F008D0992 /* Number */,
				11CF6F39172571CE008D0992 /* main.cpp */,
				11CF6F3B172571CE008D0992 /* LeetCode.1 */,
				11CF6F4217257212008D0992 /* IRun.cpp */,
				11CF6F4317257212008D0992 /* IRun.h */,
			);
			path = LeetCode;
			sourceTree = "<group>";
		};
		11CF6F451725723F008D0992 /* Number */ = {
			isa = PBXGroup;
			children = (
				11CF6F4617257353008D0992 /* ReverseDigit.cpp */,
				11CF6F4717257353008D0992 /* ReverseDigit.h */,
				11CF6F491727AA85008D0992 /* String2Number.cpp */,
				11CF6F4A1727AA85008D0992 /* String2Number.h */,
				11612A2E174112EF00E3209E /* PalindromeNumber.cpp */,
				11612A2F174112EF00E3209E /* PalindromeNumber.h */,
				11612A351743CB3A00E3209E /* Container.cpp */,
				11612A361743CB3A00E3209E /* Container.h */,
				11F42F8C1771EE6000CD5E7E /* 3Number.cpp */,
				11F42F8D1771EE6000CD5E7E /* 3Number.h */,
				1151DF4C17733FFF004DFA95 /* 3SumClosest.cpp */,
				1151DF4D17733FFF004DFA95 /* 3SumClosest.h */,
				118E5070177493ED004D75CD /* 4Sum.cpp */,
				118E5071177493ED004D75CD /* 4Sum.h */,
				11AF23281781B8C900332F8A /* DivideInteger.cpp */,
				11AF23291781B8C900332F8A /* DivideInteger.h */,
				11F8702217846D400089A21C /* NextPermutation.cpp */,
				11F8702317846D400089A21C /* NextPermutation.h */,
				1121D7A71799810E00CED9D8 /* CombineSum.cpp */,
				1121D7A81799810E00CED9D8 /* CombineSum.h */,
				1121D7AA179A649300CED9D8 /* CombineSumUnique.cpp */,
				1121D7AB179A649300CED9D8 /* CombineSumUnique.h */,
				1121D7AD179A69F500CED9D8 /* FindMissingValue.cpp */,
				1121D7AE179A69F500CED9D8 /* FindMissingValue.h */,
				1121D7B0179A758500CED9D8 /* RainWater.cpp */,
				1121D7B1179A758500CED9D8 /* RainWater.h */,
				1138277817A2AD7400D52A90 /* PowerN.cpp */,
				1138277917A2AD7400D52A90 /* PowerN.h */,
			);
			name = Number;
			sourceTree = "<group>";
		};
/* End PBXGroup section */

/* Begin PBXNativeTarget section */
		11CF6F35172571CE008D0992 /* LeetCode */ = {
			isa = PBXNativeTarget;
			buildConfigurationList = 11CF6F3F172571CE008D0992 /* Build configuration list for PBXNativeTarget "LeetCode" */;
			buildPhases = (
				11CF6F32172571CE008D0992 /* Sources */,
				11CF6F33172571CE008D0992 /* Frameworks */,
				11CF6F34172571CE008D0992 /* CopyFiles */,
			);
			buildRules = (
			);
			dependencies = (
			);
			name = LeetCode;
			productName = LeetCode;
			productReference = 11CF6F36172571CE008D0992 /* LeetCode */;
			productType = "com.apple.product-type.tool";
		};
/* End PBXNativeTarget section */

/* Begin PBXProject section */
		11CF6F2E172571CE008D0992 /* Project object */ = {
			isa = PBXProject;
			attributes = {
				LastUpgradeCheck = 0460;
				ORGANIZATIONNAME = "Zhang Gongwei";
			};
			buildConfigurationList = 11CF6F31172571CE008D0992 /* Build configuration list for PBXProject "LeetCode" */;
			compatibilityVersion = "Xcode 3.2";
			developmentRegion = English;
			hasScannedForEncodings = 0;
			knownRegions = (
				en,
			);
			mainGroup = 11CF6F2D172571CE008D0992;
			productRefGroup = 11CF6F37172571CE008D0992 /* Products */;
			projectDirPath = "";
			projectRoot = "";
			targets = (
				11CF6F35172571CE008D0992 /* LeetCode */,
			);
		};
/* End PBXProject section */

/* Begin PBXSourcesBuildPhase section */
		11CF6F32172571CE008D0992 /* Sources */ = {
			isa = PBXSourcesBuildPhase;
			buildActionMask = 2147483647;
			files = (
				11CF6F3A172571CE008D0992 /* main.cpp in Sources */,
				11CF6F4417257212008D0992 /* IRun.cpp in Sources */,
				11CF6F4817257353008D0992 /* ReverseDigit.cpp in Sources */,
				11CF6F4B1727AA85008D0992 /* String2Number.cpp in Sources */,
				11612A30174112EF00E3209E /* PalindromeNumber.cpp in Sources */,
				11612A34174114D200E3209E /* RegularExpressionMatching.cpp in Sources */,
				11612A371743CB3A00E3209E /* Container.cpp in Sources */,
				11B4B2F9174A777600EA2EF5 /* LCP.cpp in Sources */,
				11F42F8E1771EE6000CD5E7E /* 3Number.cpp in Sources */,
				1151DF4E17733FFF004DFA95 /* 3SumClosest.cpp in Sources */,
				118E5072177493ED004D75CD /* 4Sum.cpp in Sources */,
				119580801775507E0035071E /* PhoneNumber.cpp in Sources */,
				11C1FF261776BC8B00A6F862 /* NthNode.cpp in Sources */,
				11C1FF291776C0EB00A6F862 /* ValidParentheses.cpp in Sources */,
				11C1FF2C1776C47900A6F862 /* GenerateParentheses.cpp in Sources */,
				114CD9AF1779D6AF009F86BB /* MergeKList.cpp in Sources */,
				111D6671177D81C000AC9D85 /* SwapNode.cpp in Sources */,
				11A3983F177D8BF70048555B /* ReverseKNode.cpp in Sources */,
				11A39842177D92DE0048555B /* ListNodeUtil.cpp in Sources */,
				11C1C914177DE62700613D0E /* RemoveDuplicate.cpp in Sources */,
				11C1C917177DE7A400613D0E /* RemoveElement.cpp in Sources */,
				11C1C91A177DE96600613D0E /* StrStr.cpp in Sources */,
				11AF232A1781B8C900332F8A /* DivideInteger.cpp in Sources */,
				11AF232E1783205200332F8A /* ConCatWords.cpp in Sources */,
				11F8702417846D400089A21C /* NextPermutation.cpp in Sources */,
				110891E51785A9F600615813 /* ArrayUtil.cpp in Sources */,
				113DD48F1787029C00D6623C /* LongestValidParentheses.cpp in Sources */,
				113DD4931787E15E00D6623C /* SearchRSA.cpp in Sources */,
				113DD49617881F7900D6623C /* SearchRange.cpp in Sources */,
				113DD499178824BA00D6623C /* SearchInsertPosition.cpp in Sources */,
				1121D7A91799810E00CED9D8 /* CombineSum.cpp in Sources */,
				1121D7AC179A649300CED9D8 /* CombineSumUnique.cpp in Sources */,
				1121D7AF179A69F500CED9D8 /* FindMissingValue.cpp in Sources */,
				1121D7B2179A758500CED9D8 /* RainWater.cpp in Sources */,
				1121D7B5179AC6D000CED9D8 /* MultiplyString.cpp in Sources */,
				11E966B0179B9CB500A18E23 /* WildCardMatch.cpp in Sources */,
				11CD5AAA179EC09000ECB7C2 /* JumpGame.cpp in Sources */,
				11BC77BA17A00524009AE343 /* JumpGameDetermine.cpp in Sources */,
				11BC77BE17A00987009AE343 /* Permutation.cpp in Sources */,
				11BC77C117A012D5009AE343 /* UniquePermuation.cpp in Sources */,
				114EC2C517A1658000C7E7C5 /* RotateImage.cpp in Sources */,
				1138277717A2A5E600D52A90 /* Anagram.cpp in Sources */,
				1138277A17A2AD7400D52A90 /* PowerN.cpp in Sources */,
				1138277D17A3683400D52A90 /* NQueue.cpp in Sources */,
				1138278017A3C55100D52A90 /* NQueueII.cpp in Sources */,
				1138278317A3E9AB00D52A90 /* MaximumSubArray.cpp in Sources */,
			);
			runOnlyForDeploymentPostprocessing = 0;
		};
/* End PBXSourcesBuildPhase section */

/* Begin XCBuildConfiguration section */
		11CF6F3D172571CE008D0992 /* Debug */ = {
			isa = XCBuildConfiguration;
			buildSettings = {
				ALWAYS_SEARCH_USER_PATHS = NO;
				ARCHS = "$(ARCHS_STANDARD_64_BIT)";
				CLANG_CXX_LANGUAGE_STANDARD = "gnu++0x";
				CLANG_CXX_LIBRARY = "libc++";
				CLANG_ENABLE_OBJC_ARC = YES;
				CLANG_WARN_CONSTANT_CONVERSION = YES;
				CLANG_WARN_EMPTY_BODY = YES;
				CLANG_WARN_ENUM_CONVERSION = YES;
				CLANG_WARN_INT_CONVERSION = YES;
				CLANG_WARN__DUPLICATE_METHOD_MATCH = YES;
				COPY_PHASE_STRIP = NO;
				GCC_C_LANGUAGE_STANDARD = gnu99;
				GCC_DYNAMIC_NO_PIC = NO;
				GCC_ENABLE_OBJC_EXCEPTIONS = YES;
				GCC_OPTIMIZATION_LEVEL = 0;
				GCC_PREPROCESSOR_DEFINITIONS = (
					"DEBUG=1",
					"$(inherited)",
				);
				GCC_SYMBOLS_PRIVATE_EXTERN = NO;
				GCC_WARN_64_TO_32_BIT_CONVERSION = YES;
				GCC_WARN_ABOUT_RETURN_TYPE = YES;
				GCC_WARN_UNINITIALIZED_AUTOS = YES;
				GCC_WARN_UNUSED_VARIABLE = YES;
				MACOSX_DEPLOYMENT_TARGET = 10.8;
				ONLY_ACTIVE_ARCH = YES;
				SDKROOT = macosx;
			};
			name = Debug;
		};
		11CF6F3E172571CE008D0992 /* Release */ = {
			isa = XCBuildConfiguration;
			buildSettings = {
				ALWAYS_SEARCH_USER_PATHS = NO;
				ARCHS = "$(ARCHS_STANDARD_64_BIT)";
				CLANG_CXX_LANGUAGE_STANDARD = "gnu++0x";
				CLANG_CXX_LIBRARY = "libc++";
				CLANG_ENABLE_OBJC_ARC = YES;
				CLANG_WARN_CONSTANT_CONVERSION = YES;
				CLANG_WARN_EMPTY_BODY = YES;
				CLANG_WARN_ENUM_CONVERSION = YES;
				CLANG_WARN_INT_CONVERSION = YES;
				CLANG_WARN__DUPLICATE_METHOD_MATCH = YES;
				COPY_PHASE_STRIP = YES;
				DEBUG_INFORMATION_FORMAT = "dwarf-with-dsym";
				GCC_C_LANGUAGE_STANDARD = gnu99;
				GCC_ENABLE_OBJC_EXCEPTIONS = YES;
				GCC_WARN_64_TO_32_BIT_CONVERSION = YES;
				GCC_WARN_ABOUT_RETURN_TYPE = YES;
				GCC_WARN_UNINITIALIZED_AUTOS = YES;
				GCC_WARN_UNUSED_VARIABLE = YES;
				MACOSX_DEPLOYMENT_TARGET = 10.8;
				SDKROOT = macosx;
			};
			name = Release;
		};
		11CF6F40172571CE008D0992 /* Debug */ = {
			isa = XCBuildConfiguration;
			buildSettings = {
				PRODUCT_NAME = "$(TARGET_NAME)";
			};
			name = Debug;
		};
		11CF6F41172571CE008D0992 /* Release */ = {
			isa = XCBuildConfiguration;
			buildSettings = {
				PRODUCT_NAME = "$(TARGET_NAME)";
			};
			name = Release;
		};
/* End XCBuildConfiguration section */

/* Begin XCConfigurationList section */
		11CF6F31172571CE008D0992 /* Build configuration list for PBXProject "LeetCode" */ = {
			isa = XCConfigurationList;
			buildConfigurations = (
				11CF6F3D172571CE008D0992 /* Debug */,
				11CF6F3E172571CE008D0992 /* Release */,
			);
			defaultConfigurationIsVisible = 0;
			defaultConfigurationName = Release;
		};
		11CF6F3F172571CE008D0992 /* Build configuration list for PBXNativeTarget "LeetCode" */ = {
			isa = XCConfigurationList;
			buildConfigurations = (
				11CF6F40172571CE008D0992 /* Debug */,
				11CF6F41172571CE008D0992 /* Release */,
			);
			defaultConfigurationIsVisible = 0;
			defaultConfigurationName = Release;
		};
/* End XCConfigurationList section */
	};
	rootObject = 11CF6F2E172571CE008D0992 /* Project object */;
}
